
Microsoft Visual Studio Solution File, Format Version 11.00
# Visual Studio 2010
Project("{FAE04EC0-301F-11D3-BF4B-00C04F79EFBC}") = "WirelessProject", "WirelessProject.csproj", "{71AA33EB-7E88-4611-81E1-1127DA74139F}"
EndProject
Project("{FAE04EC0-301F-11D3-BF4B-00C04F79EFBC}") = "Toughbook.Gps", "Toughbook.Gps\Toughbook.Gps.csproj", "{F57FDCCA-AB8E-4BBA-99DA-EFBFAD975628}"
EndProject
Global
	GlobalSection(SolutionConfigurationPlatforms) = preSolution
		Debug|Any CPU = Debug|Any CPU
		Release|Any CPU = Release|Any CPU
	EndGlobalSection
	GlobalSection(ProjectConfigurationPlatforms) = postSolution
		{71AA33EB-7E88-4611-81E1-1127DA74139F}.Debug|Any CPU.ActiveCfg = Debug|Any CPU
		{71AA33EB-7E88-4611-81E1-1127DA74139F}.Debug|Any CPU.Build.0 = Debug|Any CPU
		{71AA33EB-7E88-4611-81E1-1127DA74139F}.Release|Any CPU.ActiveCfg = Release|Any CPU
		{71AA33EB-7E88-4611-81E1-1127DA74139F}.Release|Any CPU.Build.0 = Release|Any CPU
		{F57FDCCA-AB8E-4BBA-99DA-EFBFAD975628}.Debug|Any CPU.ActiveCfg = Debug|Any CPU
		{F57FDCCA-AB8E-4BBA-99DA-EFBFAD975628}.Debug|Any CPU.Build.0 = Debug|Any CPU
		{F57FDCCA-AB8E-4BBA-99DA-EFBFAD975628}.Release|Any CPU.ActiveCfg = Release|Any CPU
		{F57FDCCA-AB8E-4BBA-99DA-EFBFAD975628}.Release|Any CPU.Build.0 = Release|Any CPU
	EndGlobalSection
	GlobalSection(SolutionProperties) = preSolution
		HideSolutionNode = FALSE
	EndGlobalSection
EndGlobal
